
Microsoft Visual Studio Solution File, Format Version 12.00
# Visual Studio Version 17
VisualStudioVersion = 17.0.31903.59
MinimumVisualStudioVersion = 10.0.40219.1
Project("{FAE04EC0-301F-11D3-BF4B-00C04F79EFBC}") = "Example1", "Example1\Example1.csproj", "{32E72C8C-FA88-4DAE-A2C6-2CC07C074671}"
EndProject
Project("{FAE04EC0-301F-11D3-BF4B-00C04F79EFBC}") = "Example2", "Example2\Example2.csproj", "{5F4651E8-DE74-475C-92EB-23720B3347FA}"
EndProject
Project("{FAE04EC0-301F-11D3-BF4B-00C04F79EFBC}") = "Example0", "Example0\Example0.csproj", "{E61659C2-6EE7-46A9-85F9-0D361E97A024}"
EndProject
Global
	GlobalSection(SolutionConfigurationPlatforms) = preSolution
		Debug|Any CPU = Debug|Any CPU
		Release|Any CPU = Release|Any CPU
	EndGlobalSection
	GlobalSection(SolutionProperties) = preSolution
		HideSolutionNode = FALSE
	EndGlobalSection
	GlobalSection(ProjectConfigurationPlatforms) = postSolution
		{32E72C8C-FA88-4DAE-A2C6-2CC07C074671}.Debug|Any CPU.ActiveCfg = Debug|Any CPU
		{32E72C8C-FA88-4DAE-A2C6-2CC07C074671}.Debug|Any CPU.Build.0 = Debug|Any CPU
		{32E72C8C-FA88-4DAE-A2C6-2CC07C074671}.Release|Any CPU.ActiveCfg = Release|Any CPU
		{32E72C8C-FA88-4DAE-A2C6-2CC07C074671}.Release|Any CPU.Build.0 = Release|Any CPU
		{5F4651E8-DE74-475C-92EB-23720B3347FA}.Debug|Any CPU.ActiveCfg = Debug|Any CPU
		{5F4651E8-DE74-475C-92EB-23720B3347FA}.Debug|Any CPU.Build.0 = Debug|Any CPU
		{5F4651E8-DE74-475C-92EB-23720B3347FA}.Release|Any CPU.ActiveCfg = Release|Any CPU
		{5F4651E8-DE74-475C-92EB-23720B3347FA}.Release|Any CPU.Build.0 = Release|Any CPU
		{E61659C2-6EE7-46A9-85F9-0D361E97A024}.Debug|Any CPU.ActiveCfg = Debug|Any CPU
		{E61659C2-6EE7-46A9-85F9-0D361E97A024}.Debug|Any CPU.Build.0 = Debug|Any CPU
		{E61659C2-6EE7-46A9-85F9-0D361E97A024}.Release|Any CPU.ActiveCfg = Release|Any CPU
		{E61659C2-6EE7-46A9-85F9-0D361E97A024}.Release|Any CPU.Build.0 = Release|Any CPU
	EndGlobalSection
EndGlobal
